// !$*UTF8*$!
{
	archiveVersion = 1;
	classes = {
	};
	objectVersion = 56;
	objects = {

/* Begin PBXBuildFile section */
		B367A47E2C0B60AF0073F75F /* AuthManager.swift in Sources */ = {isa = PBXBuildFile; fileRef = B367A47D2C0B60AF0073F75F /* AuthManager.swift */; };
		B367A4812C0B62D30073F75F /* Auth in Frameworks */ = {isa = PBXBuildFile; productRef = B367A4802C0B62D30073F75F /* Auth */; };
		B367A4832C0B62D30073F75F /* Functions in Frameworks */ = {isa = PBXBuildFile; productRef = B367A4822C0B62D30073F75F /* Functions */; };
		B367A4852C0B62D30073F75F /* PostgREST in Frameworks */ = {isa = PBXBuildFile; productRef = B367A4842C0B62D30073F75F /* PostgREST */; };
		B367A4872C0B62D30073F75F /* Realtime in Frameworks */ = {isa = PBXBuildFile; productRef = B367A4862C0B62D30073F75F /* Realtime */; };
		B367A4892C0B62D30073F75F /* Storage in Frameworks */ = {isa = PBXBuildFile; productRef = B367A4882C0B62D30073F75F /* Storage */; };
		B367A48B2C0B62D30073F75F /* Supabase in Frameworks */ = {isa = PBXBuildFile; productRef = B367A48A2C0B62D30073F75F /* Supabase */; };
		B367A48D2C0B64160073F75F /* SignInApple.swift in Sources */ = {isa = PBXBuildFile; fileRef = B367A48C2C0B64160073F75F /* SignInApple.swift */; };
		B37A2DBA2C0A42E400E300E0 /* Category.swift in Sources */ = {isa = PBXBuildFile; fileRef = B37A2DB92C0A42E400E300E0 /* Category.swift */; };
		B37D40042C10D5F400707F6C /* LocationManager.swift in Sources */ = {isa = PBXBuildFile; fileRef = B37D40032C10D5F400707F6C /* LocationManager.swift */; };
		B3967B3C2C0BA0390034161F /* GoogleSignIn in Frameworks */ = {isa = PBXBuildFile; productRef = B3967B3B2C0BA0390034161F /* GoogleSignIn */; };
		B3967B3E2C0BA0390034161F /* GoogleSignInSwift in Frameworks */ = {isa = PBXBuildFile; productRef = B3967B3D2C0BA0390034161F /* GoogleSignInSwift */; };
		B3967B412C0BB0E10034161F /* SignInViewModel.swift in Sources */ = {isa = PBXBuildFile; fileRef = B3967B402C0BB0E10034161F /* SignInViewModel.swift */; };
		B3967B462C0BBA7B0034161F /* SignInGoogle.swift in Sources */ = {isa = PBXBuildFile; fileRef = B3967B452C0BBA7A0034161F /* SignInGoogle.swift */; };
		B3967B4A2C0BBF330034161F /* SignUp.swift in Sources */ = {isa = PBXBuildFile; fileRef = B3967B492C0BBF330034161F /* SignUp.swift */; };
		B3967B4E2C0C5A950034161F /* SignIn.swift in Sources */ = {isa = PBXBuildFile; fileRef = B3967B4D2C0C5A950034161F /* SignIn.swift */; };
		B3967B502C0C5AC80034161F /* Splash.swift in Sources */ = {isa = PBXBuildFile; fileRef = B3967B4F2C0C5AC80034161F /* Splash.swift */; };
		B3BB8C172C0C8D9100310F2F /* FormValidator.swift in Sources */ = {isa = PBXBuildFile; fileRef = B3BB8C162C0C8D9100310F2F /* FormValidator.swift */; };
		B3BB8C192C0DD9FB00310F2F /* FishModel.swift in Sources */ = {isa = PBXBuildFile; fileRef = B3BB8C182C0DD9FA00310F2F /* FishModel.swift */; };
		B3BB8C1B2C0DDB4E00310F2F /* DatabaseManager.swift in Sources */ = {isa = PBXBuildFile; fileRef = B3BB8C1A2C0DDB4D00310F2F /* DatabaseManager.swift */; };
		B3BB8C1D2C0E3B5800310F2F /* StorageManager.swift in Sources */ = {isa = PBXBuildFile; fileRef = B3BB8C1C2C0E3B5800310F2F /* StorageManager.swift */; };
		B3CD174B2C0A897B00414A0F /* CustomTabBar.swift in Sources */ = {isa = PBXBuildFile; fileRef = B3CD174A2C0A897B00414A0F /* CustomTabBar.swift */; };
		B3CD174D2C0A8FBF00414A0F /* AddFish.swift in Sources */ = {isa = PBXBuildFile; fileRef = B3CD174C2C0A8FBF00414A0F /* AddFish.swift */; };
		B3CD174F2C0A8FE100414A0F /* Settings.swift in Sources */ = {isa = PBXBuildFile; fileRef = B3CD174E2C0A8FE100414A0F /* Settings.swift */; };
		B3D07B922C0A24E1007B3B89 /* fishtrackApp.swift in Sources */ = {isa = PBXBuildFile; fileRef = B3D07B912C0A24E1007B3B89 /* fishtrackApp.swift */; };
		B3D07B942C0A24E1007B3B89 /* ContentView.swift in Sources */ = {isa = PBXBuildFile; fileRef = B3D07B932C0A24E1007B3B89 /* ContentView.swift */; };
		B3D07B982C0A24E3007B3B89 /* Assets.xcassets in Resources */ = {isa = PBXBuildFile; fileRef = B3D07B972C0A24E3007B3B89 /* Assets.xcassets */; };
		B3D07B9B2C0A24E3007B3B89 /* Preview Assets.xcassets in Resources */ = {isa = PBXBuildFile; fileRef = B3D07B9A2C0A24E3007B3B89 /* Preview Assets.xcassets */; };
		B3D07BA52C0A24E3007B3B89 /* fishtrackTests.swift in Sources */ = {isa = PBXBuildFile; fileRef = B3D07BA42C0A24E3007B3B89 /* fishtrackTests.swift */; };
		B3D07BAF2C0A24E3007B3B89 /* fishtrackUITests.swift in Sources */ = {isa = PBXBuildFile; fileRef = B3D07BAE2C0A24E3007B3B89 /* fishtrackUITests.swift */; };
		B3D07BB12C0A24E3007B3B89 /* fishtrackUITestsLaunchTests.swift in Sources */ = {isa = PBXBuildFile; fileRef = B3D07BB02C0A24E3007B3B89 /* fishtrackUITestsLaunchTests.swift */; };
		B3D07BC42C0A26C8007B3B89 /* Home.swift in Sources */ = {isa = PBXBuildFile; fileRef = B3D07BC32C0A26C8007B3B89 /* Home.swift */; };
		B3D0C2CB2C1DAE2B000A4174 /* TagLayout.swift in Sources */ = {isa = PBXBuildFile; fileRef = B3D0C2CA2C1DAE2B000A4174 /* TagLayout.swift */; };
/* End PBXBuildFile section */

/* Begin PBXContainerItemProxy section */
		B3D07BA12C0A24E3007B3B89 /* PBXContainerItemProxy */ = {
			isa = PBXContainerItemProxy;
			containerPortal = B3D07B862C0A24E1007B3B89 /* Project object */;
			proxyType = 1;
			remoteGlobalIDString = B3D07B8D2C0A24E1007B3B89;
			remoteInfo = fishtrack;
		};
		B3D07BAB2C0A24E3007B3B89 /* PBXContainerItemProxy */ = {
			isa = PBXContainerItemProxy;
			containerPortal = B3D07B862C0A24E1007B3B89 /* Project object */;
			proxyType = 1;
			remoteGlobalIDString = B3D07B8D2C0A24E1007B3B89;
			remoteInfo = fishtrack;
		};
/* End PBXContainerItemProxy section */

/* Begin PBXFileReference section */
		B367A47D2C0B60AF0073F75F /* AuthManager.swift */ = {isa = PBXFileReference; lastKnownFileType = sourcecode.swift; path = AuthManager.swift; sourceTree = "<group>"; };
		B367A48C2C0B64160073F75F /* SignInApple.swift */ = {isa = PBXFileReference; lastKnownFileType = sourcecode.swift; path = SignInApple.swift; sourceTree = "<group>"; };
		B367A48E2C0B75E40073F75F /* fishtrack.entitlements */ = {isa = PBXFileReference; lastKnownFileType = text.plist.entitlements; path = fishtrack.entitlements; sourceTree = "<group>"; };
		B37A2DB92C0A42E400E300E0 /* Category.swift */ = {isa = PBXFileReference; lastKnownFileType = sourcecode.swift; path = Category.swift; sourceTree = "<group>"; };
		B37D40032C10D5F400707F6C /* LocationManager.swift */ = {isa = PBXFileReference; lastKnownFileType = sourcecode.swift; path = LocationManager.swift; sourceTree = "<group>"; };
		B3967B402C0BB0E10034161F /* SignInViewModel.swift */ = {isa = PBXFileReference; lastKnownFileType = sourcecode.swift; path = SignInViewModel.swift; sourceTree = "<group>"; };
		B3967B422C0BB29C0034161F /* Info.plist */ = {isa = PBXFileReference; lastKnownFileType = text.plist; path = Info.plist; sourceTree = "<group>"; };
		B3967B452C0BBA7A0034161F /* SignInGoogle.swift */ = {isa = PBXFileReference; lastKnownFileType = sourcecode.swift; path = SignInGoogle.swift; sourceTree = "<group>"; };
		B3967B492C0BBF330034161F /* SignUp.swift */ = {isa = PBXFileReference; lastKnownFileType = sourcecode.swift; path = SignUp.swift; sourceTree = "<group>"; };
		B3967B4D2C0C5A950034161F /* SignIn.swift */ = {isa = PBXFileReference; lastKnownFileType = sourcecode.swift; path = SignIn.swift; sourceTree = "<group>"; };
		B3967B4F2C0C5AC80034161F /* Splash.swift */ = {isa = PBXFileReference; lastKnownFileType = sourcecode.swift; path = Splash.swift; sourceTree = "<group>"; };
		B3BB8C162C0C8D9100310F2F /* FormValidator.swift */ = {isa = PBXFileReference; lastKnownFileType = sourcecode.swift; path = FormValidator.swift; sourceTree = "<group>"; };
		B3BB8C182C0DD9FA00310F2F /* FishModel.swift */ = {isa = PBXFileReference; lastKnownFileType = sourcecode.swift; path = FishModel.swift; sourceTree = "<group>"; };
		B3BB8C1A2C0DDB4D00310F2F /* DatabaseManager.swift */ = {isa = PBXFileReference; lastKnownFileType = sourcecode.swift; path = DatabaseManager.swift; sourceTree = "<group>"; };
		B3BB8C1C2C0E3B5800310F2F /* StorageManager.swift */ = {isa = PBXFileReference; lastKnownFileType = sourcecode.swift; path = StorageManager.swift; sourceTree = "<group>"; };
		B3CD174A2C0A897B00414A0F /* CustomTabBar.swift */ = {isa = PBXFileReference; lastKnownFileType = sourcecode.swift; path = CustomTabBar.swift; sourceTree = "<group>"; };
		B3CD174C2C0A8FBF00414A0F /* AddFish.swift */ = {isa = PBXFileReference; lastKnownFileType = sourcecode.swift; path = AddFish.swift; sourceTree = "<group>"; };
		B3CD174E2C0A8FE100414A0F /* Settings.swift */ = {isa = PBXFileReference; lastKnownFileType = sourcecode.swift; path = Settings.swift; sourceTree = "<group>"; };
		B3D07B8E2C0A24E1007B3B89 /* fishtrack.app */ = {isa = PBXFileReference; explicitFileType = wrapper.application; includeInIndex = 0; path = fishtrack.app; sourceTree = BUILT_PRODUCTS_DIR; };
		B3D07B912C0A24E1007B3B89 /* fishtrackApp.swift */ = {isa = PBXFileReference; lastKnownFileType = sourcecode.swift; path = fishtrackApp.swift; sourceTree = "<group>"; };
		B3D07B932C0A24E1007B3B89 /* ContentView.swift */ = {isa = PBXFileReference; lastKnownFileType = sourcecode.swift; path = ContentView.swift; sourceTree = "<group>"; };
		B3D07B972C0A24E3007B3B89 /* Assets.xcassets */ = {isa = PBXFileReference; lastKnownFileType = folder.assetcatalog; path = Assets.xcassets; sourceTree = "<group>"; };
		B3D07B9A2C0A24E3007B3B89 /* Preview Assets.xcassets */ = {isa = PBXFileReference; lastKnownFileType = folder.assetcatalog; path = "Preview Assets.xcassets"; sourceTree = "<group>"; };
		B3D07BA02C0A24E3007B3B89 /* fishtrackTests.xctest */ = {isa = PBXFileReference; explicitFileType = wrapper.cfbundle; includeInIndex = 0; path = fishtrackTests.xctest; sourceTree = BUILT_PRODUCTS_DIR; };
		B3D07BA42C0A24E3007B3B89 /* fishtrackTests.swift */ = {isa = PBXFileReference; lastKnownFileType = sourcecode.swift; path = fishtrackTests.swift; sourceTree = "<group>"; };
		B3D07BAA2C0A24E3007B3B89 /* fishtrackUITests.xctest */ = {isa = PBXFileReference; explicitFileType = wrapper.cfbundle; includeInIndex = 0; path = fishtrackUITests.xctest; sourceTree = BUILT_PRODUCTS_DIR; };
		B3D07BAE2C0A24E3007B3B89 /* fishtrackUITests.swift */ = {isa = PBXFileReference; lastKnownFileType = sourcecode.swift; path = fishtrackUITests.swift; sourceTree = "<group>"; };
		B3D07BB02C0A24E3007B3B89 /* fishtrackUITestsLaunchTests.swift */ = {isa = PBXFileReference; lastKnownFileType = sourcecode.swift; path = fishtrackUITestsLaunchTests.swift; sourceTree = "<group>"; };
		B3D07BC32C0A26C8007B3B89 /* Home.swift */ = {isa = PBXFileReference; lastKnownFileType = sourcecode.swift; path = Home.swift; sourceTree = "<group>"; };
		B3D0C2CA2C1DAE2B000A4174 /* TagLayout.swift */ = {isa = PBXFileReference; lastKnownFileType = sourcecode.swift; path = TagLayout.swift; sourceTree = "<group>"; };
/* End PBXFileReference section */

/* Begin PBXFrameworksBuildPhase section */
		B3D07B8B2C0A24E1007B3B89 /* Frameworks */ = {
			isa = PBXFrameworksBuildPhase;
			buildActionMask = 2147483647;
			files = (
				B367A4852C0B62D30073F75F /* PostgREST in Frameworks */,
				B367A4832C0B62D30073F75F /* Functions in Frameworks */,
				B367A48B2C0B62D30073F75F /* Supabase in Frameworks */,
				B3967B3E2C0BA0390034161F /* GoogleSignInSwift in Frameworks */,
				B367A4812C0B62D30073F75F /* Auth in Frameworks */,
				B367A4892C0B62D30073F75F /* Storage in Frameworks */,
				B367A4872C0B62D30073F75F /* Realtime in Frameworks */,
				B3967B3C2C0BA0390034161F /* GoogleSignIn in Frameworks */,
			);
			runOnlyForDeploymentPostprocessing = 0;
		};
		B3D07B9D2C0A24E3007B3B89 /* Frameworks */ = {
			isa = PBXFrameworksBuildPhase;
			buildActionMask = 2147483647;
			files = (
			);
			runOnlyForDeploymentPostprocessing = 0;
		};
		B3D07BA72C0A24E3007B3B89 /* Frameworks */ = {
			isa = PBXFrameworksBuildPhase;
			buildActionMask = 2147483647;
			files = (
			);
			runOnlyForDeploymentPostprocessing = 0;
		};
/* End PBXFrameworksBuildPhase section */

/* Begin PBXGroup section */
		B367A47F2C0B62D30073F75F /* Frameworks */ = {
			isa = PBXGroup;
			children = (
			);
			name = Frameworks;
			sourceTree = "<group>";
		};
		B3967B432C0BBA5C0034161F /* Managers */ = {
			isa = PBXGroup;
			children = (
				B3967B442C0BBA610034161F /* Auth */,
				B3BB8C1A2C0DDB4D00310F2F /* DatabaseManager.swift */,
				B3BB8C1C2C0E3B5800310F2F /* StorageManager.swift */,
				B37D40032C10D5F400707F6C /* LocationManager.swift */,
			);
			path = Managers;
			sourceTree = "<group>";
		};
		B3967B442C0BBA610034161F /* Auth */ = {
			isa = PBXGroup;
			children = (
				B367A47D2C0B60AF0073F75F /* AuthManager.swift */,
				B367A48C2C0B64160073F75F /* SignInApple.swift */,
				B3967B452C0BBA7A0034161F /* SignInGoogle.swift */,
			);
			path = Auth;
			sourceTree = "<group>";
		};
		B3967B4C2C0C5A850034161F /* Onboarding */ = {
			isa = PBXGroup;
			children = (
				B3967B4D2C0C5A950034161F /* SignIn.swift */,
				B3967B492C0BBF330034161F /* SignUp.swift */,
				B3967B4F2C0C5AC80034161F /* Splash.swift */,
			);
			path = Onboarding;
			sourceTree = "<group>";
		};
		B3D07B852C0A24E1007B3B89 = {
			isa = PBXGroup;
			children = (
				B3D07B902C0A24E1007B3B89 /* fishtrack */,
				B3D07BA32C0A24E3007B3B89 /* fishtrackTests */,
				B3D07BAD2C0A24E3007B3B89 /* fishtrackUITests */,
				B3D07B8F2C0A24E1007B3B89 /* Products */,
				B367A47F2C0B62D30073F75F /* Frameworks */,
			);
			sourceTree = "<group>";
		};
		B3D07B8F2C0A24E1007B3B89 /* Products */ = {
			isa = PBXGroup;
			children = (
				B3D07B8E2C0A24E1007B3B89 /* fishtrack.app */,
				B3D07BA02C0A24E3007B3B89 /* fishtrackTests.xctest */,
				B3D07BAA2C0A24E3007B3B89 /* fishtrackUITests.xctest */,
			);
			name = Products;
			sourceTree = "<group>";
		};
		B3D07B902C0A24E1007B3B89 /* fishtrack */ = {
			isa = PBXGroup;
			children = (
				B3D0C2C72C1DADDC000A4174 /* Layout */,
				B3967B432C0BBA5C0034161F /* Managers */,
				B3967B422C0BB29C0034161F /* Info.plist */,
				B367A48E2C0B75E40073F75F /* fishtrack.entitlements */,
				B3D07BBD2C0A2671007B3B89 /* Model */,
				B3D07BBE2C0A2677007B3B89 /* View */,
				B3D07B912C0A24E1007B3B89 /* fishtrackApp.swift */,
				B3D07B932C0A24E1007B3B89 /* ContentView.swift */,
				B3D07B972C0A24E3007B3B89 /* Assets.xcassets */,
				B3D07B992C0A24E3007B3B89 /* Preview Content */,
				B3CD174A2C0A897B00414A0F /* CustomTabBar.swift */,
			);
			path = fishtrack;
			sourceTree = "<group>";
		};
		B3D07B992C0A24E3007B3B89 /* Preview Content */ = {
			isa = PBXGroup;
			children = (
				B3D07B9A2C0A24E3007B3B89 /* Preview Assets.xcassets */,
			);
			path = "Preview Content";
			sourceTree = "<group>";
		};
		B3D07BA32C0A24E3007B3B89 /* fishtrackTests */ = {
			isa = PBXGroup;
			children = (
				B3D07BA42C0A24E3007B3B89 /* fishtrackTests.swift */,
			);
			path = fishtrackTests;
			sourceTree = "<group>";
		};
		B3D07BAD2C0A24E3007B3B89 /* fishtrackUITests */ = {
			isa = PBXGroup;
			children = (
				B3D07BAE2C0A24E3007B3B89 /* fishtrackUITests.swift */,
				B3D07BB02C0A24E3007B3B89 /* fishtrackUITestsLaunchTests.swift */,
			);
			path = fishtrackUITests;
			sourceTree = "<group>";
		};
		B3D07BBD2C0A2671007B3B89 /* Model */ = {
			isa = PBXGroup;
			children = (
				B37A2DB92C0A42E400E300E0 /* Category.swift */,
				B3967B402C0BB0E10034161F /* SignInViewModel.swift */,
				B3BB8C162C0C8D9100310F2F /* FormValidator.swift */,
				B3BB8C182C0DD9FA00310F2F /* FishModel.swift */,
			);
			path = Model;
			sourceTree = "<group>";
		};
		B3D07BBE2C0A2677007B3B89 /* View */ = {
			isa = PBXGroup;
			children = (
				B3D07BC32C0A26C8007B3B89 /* Home.swift */,
				B3CD174C2C0A8FBF00414A0F /* AddFish.swift */,
				B3CD174E2C0A8FE100414A0F /* Settings.swift */,
				B3967B4C2C0C5A850034161F /* Onboarding */,
			);
			path = View;
			sourceTree = "<group>";
		};
		B3D0C2C72C1DADDC000A4174 /* Layout */ = {
			isa = PBXGroup;
			children = (
				B3D0C2CA2C1DAE2B000A4174 /* TagLayout.swift */,
			);
			path = Layout;
			sourceTree = "<group>";
		};
/* End PBXGroup section */

/* Begin PBXNativeTarget section */
		B3D07B8D2C0A24E1007B3B89 /* fishtrack */ = {
			isa = PBXNativeTarget;
			buildConfigurationList = B3D07BB42C0A24E3007B3B89 /* Build configuration list for PBXNativeTarget "fishtrack" */;
			buildPhases = (
				B3D07B8A2C0A24E1007B3B89 /* Sources */,
				B3D07B8B2C0A24E1007B3B89 /* Frameworks */,
				B3D07B8C2C0A24E1007B3B89 /* Resources */,
			);
			buildRules = (
			);
			dependencies = (
			);
			name = fishtrack;
			packageProductDependencies = (
				B367A4802C0B62D30073F75F /* Auth */,
				B367A4822C0B62D30073F75F /* Functions */,
				B367A4842C0B62D30073F75F /* PostgREST */,
				B367A4862C0B62D30073F75F /* Realtime */,
				B367A4882C0B62D30073F75F /* Storage */,
				B367A48A2C0B62D30073F75F /* Supabase */,
				B3967B3B2C0BA0390034161F /* GoogleSignIn */,
				B3967B3D2C0BA0390034161F /* GoogleSignInSwift */,
			);
			productName = fishtrack;
			productReference = B3D07B8E2C0A24E1007B3B89 /* fishtrack.app */;
			productType = "com.apple.product-type.application";
		};
		B3D07B9F2C0A24E3007B3B89 /* fishtrackTests */ = {
			isa = PBXNativeTarget;
			buildConfigurationList = B3D07BB72C0A24E3007B3B89 /* Build configuration list for PBXNativeTarget "fishtrackTests" */;
			buildPhases = (
				B3D07B9C2C0A24E3007B3B89 /* Sources */,
				B3D07B9D2C0A24E3007B3B89 /* Frameworks */,
				B3D07B9E2C0A24E3007B3B89 /* Resources */,
			);
			buildRules = (
			);
			dependencies = (
				B3D07BA22C0A24E3007B3B89 /* PBXTargetDependency */,
			);
			name = fishtrackTests;
			productName = fishtrackTests;
			productReference = B3D07BA02C0A24E3007B3B89 /* fishtrackTests.xctest */;
			productType = "com.apple.product-type.bundle.unit-test";
		};
		B3D07BA92C0A24E3007B3B89 /* fishtrackUITests */ = {
			isa = PBXNativeTarget;
			buildConfigurationList = B3D07BBA2C0A24E3007B3B89 /* Build configuration list for PBXNativeTarget "fishtrackUITests" */;
			buildPhases = (
				B3D07BA62C0A24E3007B3B89 /* Sources */,
				B3D07BA72C0A24E3007B3B89 /* Frameworks */,
				B3D07BA82C0A24E3007B3B89 /* Resources */,
			);
			buildRules = (
			);
			dependencies = (
				B3D07BAC2C0A24E3007B3B89 /* PBXTargetDependency */,
			);
			name = fishtrackUITests;
			productName = fishtrackUITests;
			productReference = B3D07BAA2C0A24E3007B3B89 /* fishtrackUITests.xctest */;
			productType = "com.apple.product-type.bundle.ui-testing";
		};
/* End PBXNativeTarget section */

/* Begin PBXProject section */
		B3D07B862C0A24E1007B3B89 /* Project object */ = {
			isa = PBXProject;
			attributes = {
				BuildIndependentTargetsInParallel = 1;
				LastSwiftUpdateCheck = 1540;
				LastUpgradeCheck = 1540;
				TargetAttributes = {
					B3D07B8D2C0A24E1007B3B89 = {
						CreatedOnToolsVersion = 15.4;
					};
					B3D07B9F2C0A24E3007B3B89 = {
						CreatedOnToolsVersion = 15.4;
						TestTargetID = B3D07B8D2C0A24E1007B3B89;
					};
					B3D07BA92C0A24E3007B3B89 = {
						CreatedOnToolsVersion = 15.4;
						TestTargetID = B3D07B8D2C0A24E1007B3B89;
					};
				};
			};
			buildConfigurationList = B3D07B892C0A24E1007B3B89 /* Build configuration list for PBXProject "fishtrack" */;
			compatibilityVersion = "Xcode 14.0";
			developmentRegion = en;
			hasScannedForEncodings = 0;
			knownRegions = (
				en,
				Base,
			);
			mainGroup = B3D07B852C0A24E1007B3B89;
			packageReferences = (
				B367A47C2C0B60290073F75F /* XCRemoteSwiftPackageReference "supabase-swift" */,
				B3967B3A2C0BA0390034161F /* XCRemoteSwiftPackageReference "GoogleSignIn-iOS" */,
			);
			productRefGroup = B3D07B8F2C0A24E1007B3B89 /* Products */;
			projectDirPath = "";
			projectRoot = "";
			targets = (
				B3D07B8D2C0A24E1007B3B89 /* fishtrack */,
				B3D07B9F2C0A24E3007B3B89 /* fishtrackTests */,
				B3D07BA92C0A24E3007B3B89 /* fishtrackUITests */,
			);
		};
/* End PBXProject section */

/* Begin PBXResourcesBuildPhase section */
		B3D07B8C2C0A24E1007B3B89 /* Resources */ = {
			isa = PBXResourcesBuildPhase;
			buildActionMask = 2147483647;
			files = (
				B3D07B9B2C0A24E3007B3B89 /* Preview Assets.xcassets in Resources */,
				B3D07B982C0A24E3007B3B89 /* Assets.xcassets in Resources */,
			);
			runOnlyForDeploymentPostprocessing = 0;
		};
		B3D07B9E2C0A24E3007B3B89 /* Resources */ = {
			isa = PBXResourcesBuildPhase;
			buildActionMask = 2147483647;
			files = (
			);
			runOnlyForDeploymentPostprocessing = 0;
		};
		B3D07BA82C0A24E3007B3B89 /* Resources */ = {
			isa = PBXResourcesBuildPhase;
			buildActionMask = 2147483647;
			files = (
			);
			runOnlyForDeploymentPostprocessing = 0;
		};
/* End PBXResourcesBuildPhase section */

/* Begin PBXSourcesBuildPhase section */
		B3D07B8A2C0A24E1007B3B89 /* Sources */ = {
			isa = PBXSourcesBuildPhase;
			buildActionMask = 2147483647;
			files = (
				B3D0C2CB2C1DAE2B000A4174 /* TagLayout.swift in Sources */,
				B3BB8C172C0C8D9100310F2F /* FormValidator.swift in Sources */,
				B3967B502C0C5AC80034161F /* Splash.swift in Sources */,
				B367A48D2C0B64160073F75F /* SignInApple.swift in Sources */,
				B3BB8C1D2C0E3B5800310F2F /* StorageManager.swift in Sources */,
				B3967B4E2C0C5A950034161F /* SignIn.swift in Sources */,
				B3BB8C1B2C0DDB4E00310F2F /* DatabaseManager.swift in Sources */,
				B3967B4A2C0BBF330034161F /* SignUp.swift in Sources */,
				B3BB8C192C0DD9FB00310F2F /* FishModel.swift in Sources */,
				B3D07B942C0A24E1007B3B89 /* ContentView.swift in Sources */,
				B3967B462C0BBA7B0034161F /* SignInGoogle.swift in Sources */,
				B367A47E2C0B60AF0073F75F /* AuthManager.swift in Sources */,
				B37A2DBA2C0A42E400E300E0 /* Category.swift in Sources */,
				B3CD174F2C0A8FE100414A0F /* Settings.swift in Sources */,
				B3D07BC42C0A26C8007B3B89 /* Home.swift in Sources */,
				B3CD174B2C0A897B00414A0F /* CustomTabBar.swift in Sources */,
				B3967B412C0BB0E10034161F /* SignInViewModel.swift in Sources */,
				B3CD174D2C0A8FBF00414A0F /* AddFish.swift in Sources */,
				B37D40042C10D5F400707F6C /* LocationManager.swift in Sources */,
				B3D07B922C0A24E1007B3B89 /* fishtrackApp.swift in Sources */,
			);
			runOnlyForDeploymentPostprocessing = 0;
		};
		B3D07B9C2C0A24E3007B3B89 /* Sources */ = {
			isa = PBXSourcesBuildPhase;
			buildActionMask = 2147483647;
			files = (
				B3D07BA52C0A24E3007B3B89 /* fishtrackTests.swift in Sources */,
			);
			runOnlyForDeploymentPostprocessing = 0;
		};
		B3D07BA62C0A24E3007B3B89 /* Sources */ = {
			isa = PBXSourcesBuildPhase;
			buildActionMask = 2147483647;
			files = (
				B3D07BB12C0A24E3007B3B89 /* fishtrackUITestsLaunchTests.swift in Sources */,
				B3D07BAF2C0A24E3007B3B89 /* fishtrackUITests.swift in Sources */,
			);
			runOnlyForDeploymentPostprocessing = 0;
		};
/* End PBXSourcesBuildPhase section */

/* Begin PBXTargetDependency section */
		B3D07BA22C0A24E3007B3B89 /* PBXTargetDependency */ = {
			isa = PBXTargetDependency;
			target = B3D07B8D2C0A24E1007B3B89 /* fishtrack */;
			targetProxy = B3D07BA12C0A24E3007B3B89 /* PBXContainerItemProxy */;
		};
		B3D07BAC2C0A24E3007B3B89 /* PBXTargetDependency */ = {
			isa = PBXTargetDependency;
			target = B3D07B8D2C0A24E1007B3B89 /* fishtrack */;
			targetProxy = B3D07BAB2C0A24E3007B3B89 /* PBXContainerItemProxy */;
		};
/* End PBXTargetDependency section */

/* Begin XCBuildConfiguration section */
		B3D07BB22C0A24E3007B3B89 /* Debug */ = {
			isa = XCBuildConfiguration;
			buildSettings = {
				ALWAYS_SEARCH_USER_PATHS = NO;
				ASSETCATALOG_COMPILER_GENERATE_SWIFT_ASSET_SYMBOL_EXTENSIONS = YES;
				CLANG_ANALYZER_NONNULL = YES;
				CLANG_ANALYZER_NUMBER_OBJECT_CONVERSION = YES_AGGRESSIVE;
				CLANG_CXX_LANGUAGE_STANDARD = "gnu++20";
				CLANG_ENABLE_MODULES = YES;
				CLANG_ENABLE_OBJC_ARC = YES;
				CLANG_ENABLE_OBJC_WEAK = YES;
				CLANG_WARN_BLOCK_CAPTURE_AUTORELEASING = YES;
				CLANG_WARN_BOOL_CONVERSION = YES;
				CLANG_WARN_COMMA = YES;
				CLANG_WARN_CONSTANT_CONVERSION = YES;
				CLANG_WARN_DEPRECATED_OBJC_IMPLEMENTATIONS = YES;
				CLANG_WARN_DIRECT_OBJC_ISA_USAGE = YES_ERROR;
				CLANG_WARN_DOCUMENTATION_COMMENTS = YES;
				CLANG_WARN_EMPTY_BODY = YES;
				CLANG_WARN_ENUM_CONVERSION = YES;
				CLANG_WARN_INFINITE_RECURSION = YES;
				CLANG_WARN_INT_CONVERSION = YES;
				CLANG_WARN_NON_LITERAL_NULL_CONVERSION = YES;
				CLANG_WARN_OBJC_IMPLICIT_RETAIN_SELF = YES;
				CLANG_WARN_OBJC_LITERAL_CONVERSION = YES;
				CLANG_WARN_OBJC_ROOT_CLASS = YES_ERROR;
				CLANG_WARN_QUOTED_INCLUDE_IN_FRAMEWORK_HEADER = YES;
				CLANG_WARN_RANGE_LOOP_ANALYSIS = YES;
				CLANG_WARN_STRICT_PROTOTYPES = YES;
				CLANG_WARN_SUSPICIOUS_MOVE = YES;
				CLANG_WARN_UNGUARDED_AVAILABILITY = YES_AGGRESSIVE;
				CLANG_WARN_UNREACHABLE_CODE = YES;
				CLANG_WARN__DUPLICATE_METHOD_MATCH = YES;
				COPY_PHASE_STRIP = NO;
				DEBUG_INFORMATION_FORMAT = dwarf;
				ENABLE_STRICT_OBJC_MSGSEND = YES;
				ENABLE_TESTABILITY = YES;
				ENABLE_USER_SCRIPT_SANDBOXING = YES;
				GCC_C_LANGUAGE_STANDARD = gnu17;
				GCC_DYNAMIC_NO_PIC = NO;
				GCC_NO_COMMON_BLOCKS = YES;
				GCC_OPTIMIZATION_LEVEL = 0;
				GCC_PREPROCESSOR_DEFINITIONS = (
					"DEBUG=1",
					"$(inherited)",
				);
				GCC_WARN_64_TO_32_BIT_CONVERSION = YES;
				GCC_WARN_ABOUT_RETURN_TYPE = YES_ERROR;
				GCC_WARN_UNDECLARED_SELECTOR = YES;
				GCC_WARN_UNINITIALIZED_AUTOS = YES_AGGRESSIVE;
				GCC_WARN_UNUSED_FUNCTION = YES;
				GCC_WARN_UNUSED_VARIABLE = YES;
				IPHONEOS_DEPLOYMENT_TARGET = 17.5;
				LOCALIZATION_PREFERS_STRING_CATALOGS = YES;
				MTL_ENABLE_DEBUG_INFO = INCLUDE_SOURCE;
				MTL_FAST_MATH = YES;
				ONLY_ACTIVE_ARCH = YES;
				SDKROOT = iphoneos;
				SWIFT_ACTIVE_COMPILATION_CONDITIONS = "DEBUG $(inherited)";
				SWIFT_OPTIMIZATION_LEVEL = "-Onone";
			};
			name = Debug;
		};
		B3D07BB32C0A24E3007B3B89 /* Release */ = {
			isa = XCBuildConfiguration;
			buildSettings = {
				ALWAYS_SEARCH_USER_PATHS = NO;
				ASSETCATALOG_COMPILER_GENERATE_SWIFT_ASSET_SYMBOL_EXTENSIONS = YES;
				CLANG_ANALYZER_NONNULL = YES;
				CLANG_ANALYZER_NUMBER_OBJECT_CONVERSION = YES_AGGRESSIVE;
				CLANG_CXX_LANGUAGE_STANDARD = "gnu++20";
				CLANG_ENABLE_MODULES = YES;
				CLANG_ENABLE_OBJC_ARC = YES;
				CLANG_ENABLE_OBJC_WEAK = YES;
				CLANG_WARN_BLOCK_CAPTURE_AUTORELEASING = YES;
				CLANG_WARN_BOOL_CONVERSION = YES;
				CLANG_WARN_COMMA = YES;
				CLANG_WARN_CONSTANT_CONVERSION = YES;
				CLANG_WARN_DEPRECATED_OBJC_IMPLEMENTATIONS = YES;
				CLANG_WARN_DIRECT_OBJC_ISA_USAGE = YES_ERROR;
				CLANG_WARN_DOCUMENTATION_COMMENTS = YES;
				CLANG_WARN_EMPTY_BODY = YES;
				CLANG_WARN_ENUM_CONVERSION = YES;
				CLANG_WARN_INFINITE_RECURSION = YES;
				CLANG_WARN_INT_CONVERSION = YES;
				CLANG_WARN_NON_LITERAL_NULL_CONVERSION = YES;
				CLANG_WARN_OBJC_IMPLICIT_RETAIN_SELF = YES;
				CLANG_WARN_OBJC_LITERAL_CONVERSION = YES;
				CLANG_WARN_OBJC_ROOT_CLASS = YES_ERROR;
				CLANG_WARN_QUOTED_INCLUDE_IN_FRAMEWORK_HEADER = YES;
				CLANG_WARN_RANGE_LOOP_ANALYSIS = YES;
				CLANG_WARN_STRICT_PROTOTYPES = YES;
				CLANG_WARN_SUSPICIOUS_MOVE = YES;
				CLANG_WARN_UNGUARDED_AVAILABILITY = YES_AGGRESSIVE;
				CLANG_WARN_UNREACHABLE_CODE = YES;
				CLANG_WARN__DUPLICATE_METHOD_MATCH = YES;
				COPY_PHASE_STRIP = NO;
				DEBUG_INFORMATION_FORMAT = "dwarf-with-dsym";
				ENABLE_NS_ASSERTIONS = NO;
				ENABLE_STRICT_OBJC_MSGSEND = YES;
				ENABLE_USER_SCRIPT_SANDBOXING = YES;
				GCC_C_LANGUAGE_STANDARD = gnu17;
				GCC_NO_COMMON_BLOCKS = YES;
				GCC_WARN_64_TO_32_BIT_CONVERSION = YES;
				GCC_WARN_ABOUT_RETURN_TYPE = YES_ERROR;
				GCC_WARN_UNDECLARED_SELECTOR = YES;
				GCC_WARN_UNINITIALIZED_AUTOS = YES_AGGRESSIVE;
				GCC_WARN_UNUSED_FUNCTION = YES;
				GCC_WARN_UNUSED_VARIABLE = YES;
				IPHONEOS_DEPLOYMENT_TARGET = 17.5;
				LOCALIZATION_PREFERS_STRING_CATALOGS = YES;
				MTL_ENABLE_DEBUG_INFO = NO;
				MTL_FAST_MATH = YES;
				SDKROOT = iphoneos;
				SWIFT_COMPILATION_MODE = wholemodule;
				VALIDATE_PRODUCT = YES;
			};
			name = Release;
		};
		B3D07BB52C0A24E3007B3B89 /* Debug */ = {
			isa = XCBuildConfiguration;
			buildSettings = {
				ASSETCATALOG_COMPILER_APPICON_NAME = AppIcon;
				ASSETCATALOG_COMPILER_GLOBAL_ACCENT_COLOR_NAME = AccentColor;
				CODE_SIGN_ENTITLEMENTS = fishtrack/fishtrack.entitlements;
				CODE_SIGN_IDENTITY = "Apple Development";
				CODE_SIGN_STYLE = Automatic;
				CURRENT_PROJECT_VERSION = 1;
				DEVELOPMENT_ASSET_PATHS = "\"fishtrack/Preview Content\"";
				DEVELOPMENT_TEAM = PZ7QLS8852;
				ENABLE_PREVIEWS = YES;
				GENERATE_INFOPLIST_FILE = YES;
				INFOPLIST_FILE = fishtrack/Info.plist;
				INFOPLIST_KEY_NSLocationWhenInUseUsageDescription = "We need your location to provide better service.";
				INFOPLIST_KEY_UIApplicationSceneManifest_Generation = YES;
				INFOPLIST_KEY_UIApplicationSupportsIndirectInputEvents = YES;
				INFOPLIST_KEY_UILaunchScreen_Generation = YES;
				INFOPLIST_KEY_UISupportedInterfaceOrientations_iPad = "UIInterfaceOrientationPortrait UIInterfaceOrientationPortraitUpsideDown UIInterfaceOrientationLandscapeLeft UIInterfaceOrientationLandscapeRight";
				INFOPLIST_KEY_UISupportedInterfaceOrientations_iPhone = UIInterfaceOrientationPortrait;
				IPHONEOS_DEPLOYMENT_TARGET = 17.4;
				LD_RUNPATH_SEARCH_PATHS = (
					"$(inherited)",
					"@executable_path/Frameworks",
				);
				MARKETING_VERSION = 1.0;
				PRODUCT_BUNDLE_IDENTIFIER = bencodes.fishtrack;
				PRODUCT_NAME = "$(TARGET_NAME)";
				PROVISIONING_PROFILE_SPECIFIER = "";
				SWIFT_EMIT_LOC_STRINGS = YES;
				SWIFT_VERSION = 5.0;
				TARGETED_DEVICE_FAMILY = 1;
			};
			name = Debug;
		};
		B3D07BB62C0A24E3007B3B89 /* Release */ = {
			isa = XCBuildConfiguration;
			buildSettings = {
				ASSETCATALOG_COMPILER_APPICON_NAME = AppIcon;
				ASSETCATALOG_COMPILER_GLOBAL_ACCENT_COLOR_NAME = AccentColor;
				CODE_SIGN_ENTITLEMENTS = fishtrack/fishtrack.entitlements;
				CODE_SIGN_IDENTITY = "Apple Development";
				CODE_SIGN_STYLE = Automatic;
				CURRENT_PROJECT_VERSION = 1;
				DEVELOPMENT_ASSET_PATHS = "\"fishtrack/Preview Content\"";
				DEVELOPMENT_TEAM = PZ7QLS8852;
				ENABLE_PREVIEWS = YES;
				GENERATE_INFOPLIST_FILE = YES;
				INFOPLIST_FILE = fishtrack/Info.plist;
				INFOPLIST_KEY_NSLocationWhenInUseUsageDescription = "We need your location to provide better service.";
				INFOPLIST_KEY_UIApplicationSceneManifest_Generation = YES;
				INFOPLIST_KEY_UIApplicationSupportsIndirectInputEvents = YES;
				INFOPLIST_KEY_UILaunchScreen_Generation = YES;
				INFOPLIST_KEY_UISupportedInterfaceOrientations_iPad = "UIInterfaceOrientationPortrait UIInterfaceOrientationPortraitUpsideDown UIInterfaceOrientationLandscapeLeft UIInterfaceOrientationLandscapeRight";
				INFOPLIST_KEY_UISupportedInterfaceOrientations_iPhone = UIInterfaceOrientationPortrait;
				IPHONEOS_DEPLOYMENT_TARGET = 17.4;
				LD_RUNPATH_SEARCH_PATHS = (
					"$(inherited)",
					"@executable_path/Frameworks",
				);
				MARKETING_VERSION = 1.0;
				PRODUCT_BUNDLE_IDENTIFIER = bencodes.fishtrack;
				PRODUCT_NAME = "$(TARGET_NAME)";
				PROVISIONING_PROFILE_SPECIFIER = "";
				SWIFT_EMIT_LOC_STRINGS = YES;
				SWIFT_VERSION = 5.0;
				TARGETED_DEVICE_FAMILY = 1;
			};
			name = Release;
		};
		B3D07BB82C0A24E3007B3B89 /* Debug */ = {
			isa = XCBuildConfiguration;
			buildSettings = {
				ALWAYS_EMBED_SWIFT_STANDARD_LIBRARIES = YES;
				BUNDLE_LOADER = "$(TEST_HOST)";
				CODE_SIGN_STYLE = Automatic;
				CURRENT_PROJECT_VERSION = 1;
				DEVELOPMENT_TEAM = PZ7QLS8852;
				GENERATE_INFOPLIST_FILE = YES;
				IPHONEOS_DEPLOYMENT_TARGET = 17.5;
				MARKETING_VERSION = 1.0;
				PRODUCT_BUNDLE_IDENTIFIER = bencodes.fishtrackTests;
				PRODUCT_NAME = "$(TARGET_NAME)";
				SWIFT_EMIT_LOC_STRINGS = NO;
				SWIFT_VERSION = 5.0;
				TARGETED_DEVICE_FAMILY = "1,2";
				TEST_HOST = "$(BUILT_PRODUCTS_DIR)/fishtrack.app/$(BUNDLE_EXECUTABLE_FOLDER_PATH)/fishtrack";
			};
			name = Debug;
		};
		B3D07BB92C0A24E3007B3B89 /* Release */ = {
			isa = XCBuildConfiguration;
			buildSettings = {
				ALWAYS_EMBED_SWIFT_STANDARD_LIBRARIES = YES;
				BUNDLE_LOADER = "$(TEST_HOST)";
				CODE_SIGN_STYLE = Automatic;
				CURRENT_PROJECT_VERSION = 1;
				DEVELOPMENT_TEAM = PZ7QLS8852;
				GENERATE_INFOPLIST_FILE = YES;
				IPHONEOS_DEPLOYMENT_TARGET = 17.5;
				MARKETING_VERSION = 1.0;
				PRODUCT_BUNDLE_IDENTIFIER = bencodes.fishtrackTests;
				PRODUCT_NAME = "$(TARGET_NAME)";
				SWIFT_EMIT_LOC_STRINGS = NO;
				SWIFT_VERSION = 5.0;
				TARGETED_DEVICE_FAMILY = "1,2";
				TEST_HOST = "$(BUILT_PRODUCTS_DIR)/fishtrack.app/$(BUNDLE_EXECUTABLE_FOLDER_PATH)/fishtrack";
			};
			name = Release;
		};
		B3D07BBB2C0A24E3007B3B89 /* Debug */ = {
			isa = XCBuildConfiguration;
			buildSettings = {
				ALWAYS_EMBED_SWIFT_STANDARD_LIBRARIES = YES;
				CODE_SIGN_STYLE = Automatic;
				CURRENT_PROJECT_VERSION = 1;
				DEVELOPMENT_TEAM = PZ7QLS8852;
				GENERATE_INFOPLIST_FILE = YES;
				MARKETING_VERSION = 1.0;
				PRODUCT_BUNDLE_IDENTIFIER = bencodes.fishtrackUITests;
				PRODUCT_NAME = "$(TARGET_NAME)";
				SWIFT_EMIT_LOC_STRINGS = NO;
				SWIFT_VERSION = 5.0;
				TARGETED_DEVICE_FAMILY = "1,2";
				TEST_TARGET_NAME = fishtrack;
			};
			name = Debug;
		};
		B3D07BBC2C0A24E3007B3B89 /* Release */ = {
			isa = XCBuildConfiguration;
			buildSettings = {
				ALWAYS_EMBED_SWIFT_STANDARD_LIBRARIES = YES;
				CODE_SIGN_STYLE = Automatic;
				CURRENT_PROJECT_VERSION = 1;
				DEVELOPMENT_TEAM = PZ7QLS8852;
				GENERATE_INFOPLIST_FILE = YES;
				MARKETING_VERSION = 1.0;
				PRODUCT_BUNDLE_IDENTIFIER = bencodes.fishtrackUITests;
				PRODUCT_NAME = "$(TARGET_NAME)";
				SWIFT_EMIT_LOC_STRINGS = NO;
				SWIFT_VERSION = 5.0;
				TARGETED_DEVICE_FAMILY = "1,2";
				TEST_TARGET_NAME = fishtrack;
			};
			name = Release;
		};
/* End XCBuildConfiguration section */

/* Begin XCConfigurationList section */
		B3D07B892C0A24E1007B3B89 /* Build configuration list for PBXProject "fishtrack" */ = {
			isa = XCConfigurationList;
			buildConfigurations = (
				B3D07BB22C0A24E3007B3B89 /* Debug */,
				B3D07BB32C0A24E3007B3B89 /* Release */,
			);
			defaultConfigurationIsVisible = 0;
			defaultConfigurationName = Release;
		};
		B3D07BB42C0A24E3007B3B89 /* Build configuration list for PBXNativeTarget "fishtrack" */ = {
			isa = XCConfigurationList;
			buildConfigurations = (
				B3D07BB52C0A24E3007B3B89 /* Debug */,
				B3D07BB62C0A24E3007B3B89 /* Release */,
			);
			defaultConfigurationIsVisible = 0;
			defaultConfigurationName = Release;
		};
		B3D07BB72C0A24E3007B3B89 /* Build configuration list for PBXNativeTarget "fishtrackTests" */ = {
			isa = XCConfigurationList;
			buildConfigurations = (
				B3D07BB82C0A24E3007B3B89 /* Debug */,
				B3D07BB92C0A24E3007B3B89 /* Release */,
			);
			defaultConfigurationIsVisible = 0;
			defaultConfigurationName = Release;
		};
		B3D07BBA2C0A24E3007B3B89 /* Build configuration list for PBXNativeTarget "fishtrackUITests" */ = {
			isa = XCConfigurationList;
			buildConfigurations = (
				B3D07BBB2C0A24E3007B3B89 /* Debug */,
				B3D07BBC2C0A24E3007B3B89 /* Release */,
			);
			defaultConfigurationIsVisible = 0;
			defaultConfigurationName = Release;
		};
/* End XCConfigurationList section */

/* Begin XCRemoteSwiftPackageReference section */
		B367A47C2C0B60290073F75F /* XCRemoteSwiftPackageReference "supabase-swift" */ = {
			isa = XCRemoteSwiftPackageReference;
			repositoryURL = "https://github.com/supabase/supabase-swift";
			requirement = {
				kind = upToNextMajorVersion;
				minimumVersion = 2.5.1;
			};
		};
		B3967B3A2C0BA0390034161F /* XCRemoteSwiftPackageReference "GoogleSignIn-iOS" */ = {
			isa = XCRemoteSwiftPackageReference;
			repositoryURL = "https://github.com/google/GoogleSignIn-iOS";
			requirement = {
				kind = upToNextMajorVersion;
				minimumVersion = 7.1.0;
			};
		};
/* End XCRemoteSwiftPackageReference section */

/* Begin XCSwiftPackageProductDependency section */
		B367A4802C0B62D30073F75F /* Auth */ = {
			isa = XCSwiftPackageProductDependency;
			package = B367A47C2C0B60290073F75F /* XCRemoteSwiftPackageReference "supabase-swift" */;
			productName = Auth;
		};
		B367A4822C0B62D30073F75F /* Functions */ = {
			isa = XCSwiftPackageProductDependency;
			package = B367A47C2C0B60290073F75F /* XCRemoteSwiftPackageReference "supabase-swift" */;
			productName = Functions;
		};
		B367A4842C0B62D30073F75F /* PostgREST */ = {
			isa = XCSwiftPackageProductDependency;
			package = B367A47C2C0B60290073F75F /* XCRemoteSwiftPackageReference "supabase-swift" */;
			productName = PostgREST;
		};
		B367A4862C0B62D30073F75F /* Realtime */ = {
			isa = XCSwiftPackageProductDependency;
			package = B367A47C2C0B60290073F75F /* XCRemoteSwiftPackageReference "supabase-swift" */;
			productName = Realtime;
		};
		B367A4882C0B62D30073F75F /* Storage */ = {
			isa = XCSwiftPackageProductDependency;
			package = B367A47C2C0B60290073F75F /* XCRemoteSwiftPackageReference "supabase-swift" */;
			productName = Storage;
		};
		B367A48A2C0B62D30073F75F /* Supabase */ = {
			isa = XCSwiftPackageProductDependency;
			package = B367A47C2C0B60290073F75F /* XCRemoteSwiftPackageReference "supabase-swift" */;
			productName = Supabase;
		};
		B3967B3B2C0BA0390034161F /* GoogleSignIn */ = {
			isa = XCSwiftPackageProductDependency;
			package = B3967B3A2C0BA0390034161F /* XCRemoteSwiftPackageReference "GoogleSignIn-iOS" */;
			productName = GoogleSignIn;
		};
		B3967B3D2C0BA0390034161F /* GoogleSignInSwift */ = {
			isa = XCSwiftPackageProductDependency;
			package = B3967B3A2C0BA0390034161F /* XCRemoteSwiftPackageReference "GoogleSignIn-iOS" */;
			productName = GoogleSignInSwift;
		};
/* End XCSwiftPackageProductDependency section */
	};
	rootObject = B3D07B862C0A24E1007B3B89 /* Project object */;
}
